dependencies:
  idf:
    source:
      type: idf
    version: 6.0.1
  waveshare/esp_lcd_st7735:
    component_hash: bf2af3e1b6c6388030d7922f2fa2a2d4efd179561ed0ea7fc89cd7d0b7ac6a52
    dependencies: []
    source:
      registry_url: https://components.espressif.com/
      type: service
    version: 2.0.0
direct_dependencies:
- waveshare/esp_lcd_st7735
manifest_hash: d2af6f39209e1f3a45008a642ead8bc6c700bb9dc81edf83159dda3b3a2a85b0
target: esp32c6
version: 2.0.0
